{
  "name": "nativescript-downloadmanager",
  "version": "0.1.0",
  "lockfileVersion": 1,
  "requires": true,
  "dependencies": {
    "tns-core-modules": {
      "version": "2.5.3",
      "resolved": "https://registry.npmjs.org/tns-core-modules/-/tns-core-modules-2.5.3.tgz",
      "integrity": "sha1-Yu61SDVskdx0AjpClygxJkYSO4A=",
      "dev": true,
      "requires": {
        "tns-core-modules-widgets": "2.5.0"
      }
    },
    "tns-core-modules-widgets": {
      "version": "2.5.0",
      "resolved": "https://registry.npmjs.org/tns-core-modules-widgets/-/tns-core-modules-widgets-2.5.0.tgz",
      "integrity": "sha1-/4zKACzHoiLPC8Ic/Lk/KUMvJu8=",
      "dev": true
    },
    "tns-platform-declarations": {
      "version": "2.5.3",
      "resolved": "https://registry.npmjs.org/tns-platform-declarations/-/tns-platform-declarations-2.5.3.tgz",
      "integrity": "sha1-YX6YdSB9x9u4DSPJ28ncfM7C79U=",
      "dev": true
    },
    "typescript": {
      "version": "2.8.1",
      "resolved": "https://registry.npmjs.org/typescript/-/typescript-2.8.1.tgz",
      "integrity": "sha512-Ao/f6d/4EPLq0YwzsQz8iXflezpTkQzqAyenTiw4kCUGr1uPiFLC3+fZ+gMZz6eeI/qdRUqvC+HxIJzUAzEFdg==",
      "dev": true
    }
  }
}
